
Microsoft Visual Studio Solution File, Format Version 12.00
# Visual Studio Version 17
VisualStudioVersion = 17.5.33627.172
MinimumVisualStudioVersion = 10.0.40219.1
Project("{9A19103F-16F7-4668-BE54-9A1E7A4F7556}") = "WpfMarkupExtensionDebug", "WpfMarkupExtension\WpfMarkupExtensionDebug.csproj", "{2A20AA37-A6E9-4BF2-98CE-E2AA4E3B4680}"
EndProject
Project("{9A19103F-16F7-4668-BE54-9A1E7A4F7556}") = "WpfMarkupExtensionDemoDebug", "WpfMarkupExtensionDemo\WpfMarkupExtensionDemoDebug.csproj", "{F6BB8DE5-077D-41B3-913B-B3E16C7833D3}"
EndProject
Global
	GlobalSection(SolutionConfigurationPlatforms) = preSolution
		Debug|Any CPU = Debug|Any CPU
		Release|Any CPU = Release|Any CPU
	EndGlobalSection
	GlobalSection(ProjectConfigurationPlatforms) = postSolution
		{2A20AA37-A6E9-4BF2-98CE-E2AA4E3B4680}.Debug|Any CPU.ActiveCfg = Debug|Any CPU
		{2A20AA37-A6E9-4BF2-98CE-E2AA4E3B4680}.Debug|Any CPU.Build.0 = Debug|Any CPU
		{2A20AA37-A6E9-4BF2-98CE-E2AA4E3B4680}.Release|Any CPU.ActiveCfg = Release|Any CPU
		{2A20AA37-A6E9-4BF2-98CE-E2AA4E3B4680}.Release|Any CPU.Build.0 = Release|Any CPU
		{F6BB8DE5-077D-41B3-913B-B3E16C7833D3}.Debug|Any CPU.ActiveCfg = Debug|Any CPU
		{F6BB8DE5-077D-41B3-913B-B3E16C7833D3}.Debug|Any CPU.Build.0 = Debug|Any CPU
		{F6BB8DE5-077D-41B3-913B-B3E16C7833D3}.Release|Any CPU.ActiveCfg = Release|Any CPU
		{F6BB8DE5-077D-41B3-913B-B3E16C7833D3}.Release|Any CPU.Build.0 = Release|Any CPU
	EndGlobalSection
	GlobalSection(SolutionProperties) = preSolution
		HideSolutionNode = FALSE
	EndGlobalSection
	GlobalSection(ExtensibilityGlobals) = postSolution
		SolutionGuid = {CEA83F24-73A1-4801-A3F4-F774AB64673C}
	EndGlobalSection
EndGlobal
